// !$*UTF8*$!
{
	archiveVersion = 1;
	classes = {
	};
	objectVersion = 50;
	objects = {

/* Begin PBXBuildFile section */
		8839EEE8242AD0B80049D3FB /* AppDelegate.m in Sources */ = {isa = PBXBuildFile; fileRef = 8839EEE7242AD0B80049D3FB /* AppDelegate.m */; };
		8839EEEA242AD0B80049D3FB /* GameScene.sks in Resources */ = {isa = PBXBuildFile; fileRef = 8839EEE9242AD0B80049D3FB /* GameScene.sks */; };
		8839EEEC242AD0B80049D3FB /* Actions.sks in Resources */ = {isa = PBXBuildFile; fileRef = 8839EEEB242AD0B80049D3FB /* Actions.sks */; };
		8839EEEF242AD0B80049D3FB /* GameScene.m in Sources */ = {isa = PBXBuildFile; fileRef = 8839EEEE242AD0B80049D3FB /* GameScene.m */; };
		8839EEF2242AD0B80049D3FB /* GameViewController.m in Sources */ = {isa = PBXBuildFile; fileRef = 8839EEF1242AD0B80049D3FB /* GameViewController.m */; };
		8839EEF5242AD0B80049D3FB /* Main.storyboard in Resources */ = {isa = PBXBuildFile; fileRef = 8839EEF3242AD0B80049D3FB /* Main.storyboard */; };
		8839EEF7242AD0B90049D3FB /* Assets.xcassets in Resources */ = {isa = PBXBuildFile; fileRef = 8839EEF6242AD0B90049D3FB /* Assets.xcassets */; };
		8839EEFA242AD0B90049D3FB /* LaunchScreen.storyboard in Resources */ = {isa = PBXBuildFile; fileRef = 8839EEF8242AD0B90049D3FB /* LaunchScreen.storyboard */; };
		8839EEFD242AD0B90049D3FB /* main.m in Sources */ = {isa = PBXBuildFile; fileRef = 8839EEFC242AD0B90049D3FB /* main.m */; };
/* End PBXBuildFile section */

/* Begin PBXFileReference section */
		8839EEE3242AD0B80049D3FB /* word_warp.app */ = {isa = PBXFileReference; explicitFileType = wrapper.application; includeInIndex = 0; path = word_warp.app; sourceTree = BUILT_PRODUCTS_DIR; };
		8839EEE6242AD0B80049D3FB /* AppDelegate.h */ = {isa = PBXFileReference; lastKnownFileType = sourcecode.c.h; path = AppDelegate.h; sourceTree = "<group>"; };
		8839EEE7242AD0B80049D3FB /* AppDelegate.m */ = {isa = PBXFileReference; lastKnownFileType = sourcecode.c.objc; path = AppDelegate.m; sourceTree = "<group>"; };
		8839EEE9242AD0B80049D3FB /* GameScene.sks */ = {isa = PBXFileReference; lastKnownFileType = file.sks; path = GameScene.sks; sourceTree = "<group>"; };
		8839EEEB242AD0B80049D3FB /* Actions.sks */ = {isa = PBXFileReference; lastKnownFileType = file.sks; path = Actions.sks; sourceTree = "<group>"; };
		8839EEED242AD0B80049D3FB /* GameScene.h */ = {isa = PBXFileReference; lastKnownFileType = sourcecode.c.h; path = GameScene.h; sourceTree = "<group>"; };
		8839EEEE242AD0B80049D3FB /* GameScene.m */ = {isa = PBXFileReference; lastKnownFileType = sourcecode.c.objc; path = GameScene.m; sourceTree = "<group>"; };
		8839EEF0242AD0B80049D3FB /* GameViewController.h */ = {isa = PBXFileReference; lastKnownFileType = sourcecode.c.h; path = GameViewController.h; sourceTree = "<group>"; };
		8839EEF1242AD0B80049D3FB /* GameViewController.m */ = {isa = PBXFileReference; lastKnownFileType = sourcecode.c.objc; path = GameViewController.m; sourceTree = "<group>"; };
		8839EEF4242AD0B80049D3FB /* Base */ = {isa = PBXFileReference; lastKnownFileType = file.storyboard; name = Base; path = Base.lproj/Main.storyboard; sourceTree = "<group>"; };
		8839EEF6242AD0B90049D3FB /* Assets.xcassets */ = {isa = PBXFileReference; lastKnownFileType = folder.assetcatalog; path = Assets.xcassets; sourceTree = "<group>"; };
		8839EEF9242AD0B90049D3FB /* Base */ = {isa = PBXFileReference; lastKnownFileType = file.storyboard; name = Base; path = Base.lproj/LaunchScreen.storyboard; sourceTree = "<group>"; };
		8839EEFB242AD0B90049D3FB /* Info.plist */ = {isa = PBXFileReference; lastKnownFileType = text.plist.xml; path = Info.plist; sourceTree = "<group>"; };
		8839EEFC242AD0B90049D3FB /* main.m */ = {isa = PBXFileReference; lastKnownFileType = sourcecode.c.objc; path = main.m; sourceTree = "<group>"; };
/* End PBXFileReference section */

/* Begin PBXFrameworksBuildPhase section */
		8839EEE0242AD0B80049D3FB /* Frameworks */ = {
			isa = PBXFrameworksBuildPhase;
			buildActionMask = 2147483647;
			files = (
			);
			runOnlyForDeploymentPostprocessing = 0;
		};
/* End PBXFrameworksBuildPhase section */

/* Begin PBXGroup section */
		8839EEDA242AD0B80049D3FB = {
			isa = PBXGroup;
			children = (
				8839EEE5242AD0B80049D3FB /* word_warp */,
				8839EEE4242AD0B80049D3FB /* Products */,
			);
			sourceTree = "<group>";
		};
		8839EEE4242AD0B80049D3FB /* Products */ = {
			isa = PBXGroup;
			children = (
				8839EEE3242AD0B80049D3FB /* word_warp.app */,
			);
			name = Products;
			sourceTree = "<group>";
		};
		8839EEE5242AD0B80049D3FB /* word_warp */ = {
			isa = PBXGroup;
			children = (
				8839EEE6242AD0B80049D3FB /* AppDelegate.h */,
				8839EEE7242AD0B80049D3FB /* AppDelegate.m */,
				8839EEE9242AD0B80049D3FB /* GameScene.sks */,
				8839EEEB242AD0B80049D3FB /* Actions.sks */,
				8839EEED242AD0B80049D3FB /* GameScene.h */,
				8839EEEE242AD0B80049D3FB /* GameScene.m */,
				8839EEF0242AD0B80049D3FB /* GameViewController.h */,
				8839EEF1242AD0B80049D3FB /* GameViewController.m */,
				8839EEF3242AD0B80049D3FB /* Main.storyboard */,
				8839EEF6242AD0B90049D3FB /* Assets.xcassets */,
				8839EEF8242AD0B90049D3FB /* LaunchScreen.storyboard */,
				8839EEFB242AD0B90049D3FB /* Info.plist */,
				8839EEFC242AD0B90049D3FB /* main.m */,
			);
			path = word_warp;
			sourceTree = "<group>";
		};
/* End PBXGroup section */

/* Begin PBXNativeTarget section */
		8839EEE2242AD0B80049D3FB /* word_warp */ = {
			isa = PBXNativeTarget;
			buildConfigurationList = 8839EF00242AD0B90049D3FB /* Build configuration list for PBXNativeTarget "word_warp" */;
			buildPhases = (
				8839EEDF242AD0B80049D3FB /* Sources */,
				8839EEE0242AD0B80049D3FB /* Frameworks */,
				8839EEE1242AD0B80049D3FB /* Resources */,
			);
			buildRules = (
			);
			dependencies = (
			);
			name = word_warp;
			productName = word_warp;
			productReference = 8839EEE3242AD0B80049D3FB /* word_warp.app */;
			productType = "com.apple.product-type.application";
		};
/* End PBXNativeTarget section */

/* Begin PBXProject section */
		8839EEDB242AD0B80049D3FB /* Project object */ = {
			isa = PBXProject;
			attributes = {
				LastUpgradeCheck = 1130;
				ORGANIZATIONNAME = "Rory B. Bellows";
				TargetAttributes = {
					8839EEE2242AD0B80049D3FB = {
						CreatedOnToolsVersion = 11.3.1;
					};
				};
			};
			buildConfigurationList = 8839EEDE242AD0B80049D3FB /* Build configuration list for PBXProject "word_warp" */;
			compatibilityVersion = "Xcode 9.3";
			developmentRegion = en;
			hasScannedForEncodings = 0;
			knownRegions = (
				en,
				Base,
			);
			mainGroup = 8839EEDA242AD0B80049D3FB;
			productRefGroup = 8839EEE4242AD0B80049D3FB /* Products */;
			projectDirPath = "";
			projectRoot = "";
			targets = (
				8839EEE2242AD0B80049D3FB /* word_warp */,
			);
		};
/* End PBXProject section */

/* Begin PBXResourcesBuildPhase section */
		8839EEE1242AD0B80049D3FB /* Resources */ = {
			isa = PBXResourcesBuildPhase;
			buildActionMask = 2147483647;
			files = (
				8839EEF5242AD0B80049D3FB /* Main.storyboard in Resources */,
				8839EEEA242AD0B80049D3FB /* GameScene.sks in Resources */,
				8839EEF7242AD0B90049D3FB /* Assets.xcassets in Resources */,
				8839EEFA242AD0B90049D3FB /* LaunchScreen.storyboard in Resources */,
				8839EEEC242AD0B80049D3FB /* Actions.sks in Resources */,
			);
			runOnlyForDeploymentPostprocessing = 0;
		};
/* End PBXResourcesBuildPhase section */

/* Begin PBXSourcesBuildPhase section */
		8839EEDF242AD0B80049D3FB /* Sources */ = {
			isa = PBXSourcesBuildPhase;
			buildActionMask = 2147483647;
			files = (
				8839EEEF242AD0B80049D3FB /* GameScene.m in Sources */,
				8839EEF2242AD0B80049D3FB /* GameViewController.m in Sources */,
				8839EEFD242AD0B90049D3FB /* main.m in Sources */,
				8839EEE8242AD0B80049D3FB /* AppDelegate.m in Sources */,
			);
			runOnlyForDeploymentPostprocessing = 0;
		};
/* End PBXSourcesBuildPhase section */

/* Begin PBXVariantGroup section */
		8839EEF3242AD0B80049D3FB /* Main.storyboard */ = {
			isa = PBXVariantGroup;
			children = (
				8839EEF4242AD0B80049D3FB /* Base */,
			);
			name = Main.storyboard;
			sourceTree = "<group>";
		};
		8839EEF8242AD0B90049D3FB /* LaunchScreen.storyboard */ = {
			isa = PBXVariantGroup;
			children = (
				8839EEF9242AD0B90049D3FB /* Base */,
			);
			name = LaunchScreen.storyboard;
			sourceTree = "<group>";
		};
/* End PBXVariantGroup section */

/* Begin XCBuildConfiguration section */
		8839EEFE242AD0B90049D3FB /* Debug */ = {
			isa = XCBuildConfiguration;
			buildSettings = {
				ALWAYS_SEARCH_USER_PATHS = NO;
				CLANG_ANALYZER_NONNULL = YES;
				CLANG_ANALYZER_NUMBER_OBJECT_CONVERSION = YES_AGGRESSIVE;
				CLANG_CXX_LANGUAGE_STANDARD = "gnu++14";
				CLANG_CXX_LIBRARY = "libc++";
				CLANG_ENABLE_MODULES = YES;
				CLANG_ENABLE_OBJC_ARC = YES;
				CLANG_ENABLE_OBJC_WEAK = YES;
				CLANG_WARN_BLOCK_CAPTURE_AUTORELEASING = YES;
				CLANG_WARN_BOOL_CONVERSION = YES;
				CLANG_WARN_COMMA = YES;
				CLANG_WARN_CONSTANT_CONVERSION = YES;
				CLANG_WARN_DEPRECATED_OBJC_IMPLEMENTATIONS = YES;
				CLANG_WARN_DIRECT_OBJC_ISA_USAGE = YES_ERROR;
				CLANG_WARN_DOCUMENTATION_COMMENTS = YES;
				CLANG_WARN_EMPTY_BODY = YES;
				CLANG_WARN_ENUM_CONVERSION = YES;
				CLANG_WARN_INFINITE_RECURSION = YES;
				CLANG_WARN_INT_CONVERSION = YES;
				CLANG_WARN_NON_LITERAL_NULL_CONVERSION = YES;
				CLANG_WARN_OBJC_IMPLICIT_RETAIN_SELF = YES;
				CLANG_WARN_OBJC_LITERAL_CONVERSION = YES;
				CLANG_WARN_OBJC_ROOT_CLASS = YES_ERROR;
				CLANG_WARN_RANGE_LOOP_ANALYSIS = YES;
				CLANG_WARN_STRICT_PROTOTYPES = YES;
				CLANG_WARN_SUSPICIOUS_MOVE = YES;
				CLANG_WARN_UNGUARDED_AVAILABILITY = YES_AGGRESSIVE;
				CLANG_WARN_UNREACHABLE_CODE = YES;
				CLANG_WARN__DUPLICATE_METHOD_MATCH = YES;
				COPY_PHASE_STRIP = NO;
				DEBUG_INFORMATION_FORMAT = dwarf;
				ENABLE_STRICT_OBJC_MSGSEND = YES;
				ENABLE_TESTABILITY = YES;
				GCC_C_LANGUAGE_STANDARD = gnu11;
				GCC_DYNAMIC_NO_PIC = NO;
				GCC_NO_COMMON_BLOCKS = YES;
				GCC_OPTIMIZATION_LEVEL = 0;
				GCC_PREPROCESSOR_DEFINITIONS = (
					"DEBUG=1",
					"$(inherited)",
				);
				GCC_WARN_64_TO_32_BIT_CONVERSION = YES;
				GCC_WARN_ABOUT_RETURN_TYPE = YES_ERROR;
				GCC_WARN_UNDECLARED_SELECTOR = YES;
				GCC_WARN_UNINITIALIZED_AUTOS = YES_AGGRESSIVE;
				GCC_WARN_UNUSED_FUNCTION = YES;
				GCC_WARN_UNUSED_VARIABLE = YES;
				IPHONEOS_DEPLOYMENT_TARGET = 13.2;
				MTL_ENABLE_DEBUG_INFO = INCLUDE_SOURCE;
				MTL_FAST_MATH = YES;
				ONLY_ACTIVE_ARCH = YES;
				SDKROOT = iphoneos;
			};
			name = Debug;
		};
		8839EEFF242AD0B90049D3FB /* Release */ = {
			isa = XCBuildConfiguration;
			buildSettings = {
				ALWAYS_SEARCH_USER_PATHS = NO;
				CLANG_ANALYZER_NONNULL = YES;
				CLANG_ANALYZER_NUMBER_OBJECT_CONVERSION = YES_AGGRESSIVE;
				CLANG_CXX_LANGUAGE_STANDARD = "gnu++14";
				CLANG_CXX_LIBRARY = "libc++";
				CLANG_ENABLE_MODULES = YES;
				CLANG_ENABLE_OBJC_ARC = YES;
				CLANG_ENABLE_OBJC_WEAK = YES;
				CLANG_WARN_BLOCK_CAPTURE_AUTORELEASING = YES;
				CLANG_WARN_BOOL_CONVERSION = YES;
				CLANG_WARN_COMMA = YES;
				CLANG_WARN_CONSTANT_CONVERSION = YES;
				CLANG_WARN_DEPRECATED_OBJC_IMPLEMENTATIONS = YES;
				CLANG_WARN_DIRECT_OBJC_ISA_USAGE = YES_ERROR;
				CLANG_WARN_DOCUMENTATION_COMMENTS = YES;
				CLANG_WARN_EMPTY_BODY = YES;
				CLANG_WARN_ENUM_CONVERSION = YES;
				CLANG_WARN_INFINITE_RECURSION = YES;
				CLANG_WARN_INT_CONVERSION = YES;
				CLANG_WARN_NON_LITERAL_NULL_CONVERSION = YES;
				CLANG_WARN_OBJC_IMPLICIT_RETAIN_SELF = YES;
				CLANG_WARN_OBJC_LITERAL_CONVERSION = YES;
				CLANG_WARN_OBJC_ROOT_CLASS = YES_ERROR;
				CLANG_WARN_RANGE_LOOP_ANALYSIS = YES;
				CLANG_WARN_STRICT_PROTOTYPES = YES;
				CLANG_WARN_SUSPICIOUS_MOVE = YES;
				CLANG_WARN_UNGUARDED_AVAILABILITY = YES_AGGRESSIVE;
				CLANG_WARN_UNREACHABLE_CODE = YES;
				CLANG_WARN__DUPLICATE_METHOD_MATCH = YES;
				COPY_PHASE_STRIP = NO;
				DEBUG_INFORMATION_FORMAT = "dwarf-with-dsym";
				ENABLE_NS_ASSERTIONS = NO;
				ENABLE_STRICT_OBJC_MSGSEND = YES;
				GCC_C_LANGUAGE_STANDARD = gnu11;
				GCC_NO_COMMON_BLOCKS = YES;
				GCC_WARN_64_TO_32_BIT_CONVERSION = YES;
				GCC_WARN_ABOUT_RETURN_TYPE = YES_ERROR;
				GCC_WARN_UNDECLARED_SELECTOR = YES;
				GCC_WARN_UNINITIALIZED_AUTOS = YES_AGGRESSIVE;
				GCC_WARN_UNUSED_FUNCTION = YES;
				GCC_WARN_UNUSED_VARIABLE = YES;
				IPHONEOS_DEPLOYMENT_TARGET = 13.2;
				MTL_ENABLE_DEBUG_INFO = NO;
				MTL_FAST_MATH = YES;
				SDKROOT = iphoneos;
				VALIDATE_PRODUCT = YES;
			};
			name = Release;
		};
		8839EF01242AD0B90049D3FB /* Debug */ = {
			isa = XCBuildConfiguration;
			buildSettings = {
				ASSETCATALOG_COMPILER_APPICON_NAME = AppIcon;
				CODE_SIGN_STYLE = Automatic;
				INFOPLIST_FILE = word_warp/Info.plist;
				LD_RUNPATH_SEARCH_PATHS = (
					"$(inherited)",
					"@executable_path/Frameworks",
				);
				PRODUCT_BUNDLE_IDENTIFIER = "takeiteasy.word-warp";
				PRODUCT_NAME = "$(TARGET_NAME)";
				TARGETED_DEVICE_FAMILY = "1,2";
			};
			name = Debug;
		};
		8839EF02242AD0B90049D3FB /* Release */ = {
			isa = XCBuildConfiguration;
			buildSettings = {
				ASSETCATALOG_COMPILER_APPICON_NAME = AppIcon;
				CODE_SIGN_STYLE = Automatic;
				INFOPLIST_FILE = word_warp/Info.plist;
				LD_RUNPATH_SEARCH_PATHS = (
					"$(inherited)",
					"@executable_path/Frameworks",
				);
				PRODUCT_BUNDLE_IDENTIFIER = "takeiteasy.word-warp";
				PRODUCT_NAME = "$(TARGET_NAME)";
				TARGETED_DEVICE_FAMILY = "1,2";
			};
			name = Release;
		};
/* End XCBuildConfiguration section */

/* Begin XCConfigurationList section */
		8839EEDE242AD0B80049D3FB /* Build configuration list for PBXProject "word_warp" */ = {
			isa = XCConfigurationList;
			buildConfigurations = (
				8839EEFE242AD0B90049D3FB /* Debug */,
				8839EEFF242AD0B90049D3FB /* Release */,
			);
			defaultConfigurationIsVisible = 0;
			defaultConfigurationName = Release;
		};
		8839EF00242AD0B90049D3FB /* Build configuration list for PBXNativeTarget "word_warp" */ = {
			isa = XCConfigurationList;
			buildConfigurations = (
				8839EF01242AD0B90049D3FB /* Debug */,
				8839EF02242AD0B90049D3FB /* Release */,
			);
			defaultConfigurationIsVisible = 0;
			defaultConfigurationName = Release;
		};
/* End XCConfigurationList section */
	};
	rootObject = 8839EEDB242AD0B80049D3FB /* Project object */;
}
